
Microsoft Visual Studio Solution File, Format Version 12.00
# Visual Studio Version 16
VisualStudioVersion = 16.0.29418.71
MinimumVisualStudioVersion = 10.0.40219.1
Project("{9A19103F-16F7-4668-BE54-9A1E7A4F7556}") = "PVS.Contracts", "PVS.Contracts\PVS.Contracts.csproj", "{B047B551-6EA9-4F3E-A5D9-D41011CB8ABF}"
EndProject
Project("{9A19103F-16F7-4668-BE54-9A1E7A4F7556}") = "PVS.Services", "PVS.Services\PVS.Services.csproj", "{09B6C9AA-03D6-4459-964A-2DBAB27A4215}"
EndProject
Project("{9A19103F-16F7-4668-BE54-9A1E7A4F7556}") = "PVS.Persistence", "PVS.Persistence\PVS.Persistence.csproj", "{429A47C0-976E-44AC-B749-1FCDAFDFCFEA}"
EndProject
Project("{9A19103F-16F7-4668-BE54-9A1E7A4F7556}") = "PVS.Persistance.Contracts", "PVS.Persistance.Contracts\PVS.Persistance.Contracts.csproj", "{C42E91F6-DF53-424C-BF00-13026A5B3016}"
EndProject
Project("{9A19103F-16F7-4668-BE54-9A1E7A4F7556}") = "PVS.Entities", "PVS.Entities\PVS.Entities.csproj", "{5E285573-5937-483D-8CE5-DFD1CFF81562}"
EndProject
Project("{FAE04EC0-301F-11D3-BF4B-00C04F79EFBC}") = "PVS.WebApi", "PVS.WebApi\PVS.WebApi.csproj", "{408A5CEA-E76C-44A1-AF91-AD4D93238A3B}"
EndProject
Global
	GlobalSection(SolutionConfigurationPlatforms) = preSolution
		Debug|Any CPU = Debug|Any CPU
		Release|Any CPU = Release|Any CPU
	EndGlobalSection
	GlobalSection(ProjectConfigurationPlatforms) = postSolution
		{B047B551-6EA9-4F3E-A5D9-D41011CB8ABF}.Debug|Any CPU.ActiveCfg = Debug|Any CPU
		{B047B551-6EA9-4F3E-A5D9-D41011CB8ABF}.Debug|Any CPU.Build.0 = Debug|Any CPU
		{B047B551-6EA9-4F3E-A5D9-D41011CB8ABF}.Release|Any CPU.ActiveCfg = Release|Any CPU
		{B047B551-6EA9-4F3E-A5D9-D41011CB8ABF}.Release|Any CPU.Build.0 = Release|Any CPU
		{09B6C9AA-03D6-4459-964A-2DBAB27A4215}.Debug|Any CPU.ActiveCfg = Debug|Any CPU
		{09B6C9AA-03D6-4459-964A-2DBAB27A4215}.Debug|Any CPU.Build.0 = Debug|Any CPU
		{09B6C9AA-03D6-4459-964A-2DBAB27A4215}.Release|Any CPU.ActiveCfg = Release|Any CPU
		{09B6C9AA-03D6-4459-964A-2DBAB27A4215}.Release|Any CPU.Build.0 = Release|Any CPU
		{429A47C0-976E-44AC-B749-1FCDAFDFCFEA}.Debug|Any CPU.ActiveCfg = Debug|Any CPU
		{429A47C0-976E-44AC-B749-1FCDAFDFCFEA}.Debug|Any CPU.Build.0 = Debug|Any CPU
		{429A47C0-976E-44AC-B749-1FCDAFDFCFEA}.Release|Any CPU.ActiveCfg = Release|Any CPU
		{429A47C0-976E-44AC-B749-1FCDAFDFCFEA}.Release|Any CPU.Build.0 = Release|Any CPU
		{C42E91F6-DF53-424C-BF00-13026A5B3016}.Debug|Any CPU.ActiveCfg = Debug|Any CPU
		{C42E91F6-DF53-424C-BF00-13026A5B3016}.Debug|Any CPU.Build.0 = Debug|Any CPU
		{C42E91F6-DF53-424C-BF00-13026A5B3016}.Release|Any CPU.ActiveCfg = Release|Any CPU
		{C42E91F6-DF53-424C-BF00-13026A5B3016}.Release|Any CPU.Build.0 = Release|Any CPU
		{5E285573-5937-483D-8CE5-DFD1CFF81562}.Debug|Any CPU.ActiveCfg = Debug|Any CPU
		{5E285573-5937-483D-8CE5-DFD1CFF81562}.Debug|Any CPU.Build.0 = Debug|Any CPU
		{5E285573-5937-483D-8CE5-DFD1CFF81562}.Release|Any CPU.ActiveCfg = Release|Any CPU
		{5E285573-5937-483D-8CE5-DFD1CFF81562}.Release|Any CPU.Build.0 = Release|Any CPU
		{408A5CEA-E76C-44A1-AF91-AD4D93238A3B}.Debug|Any CPU.ActiveCfg = Debug|Any CPU
		{408A5CEA-E76C-44A1-AF91-AD4D93238A3B}.Debug|Any CPU.Build.0 = Debug|Any CPU
		{408A5CEA-E76C-44A1-AF91-AD4D93238A3B}.Release|Any CPU.ActiveCfg = Release|Any CPU
		{408A5CEA-E76C-44A1-AF91-AD4D93238A3B}.Release|Any CPU.Build.0 = Release|Any CPU
	EndGlobalSection
	GlobalSection(SolutionProperties) = preSolution
		HideSolutionNode = FALSE
	EndGlobalSection
	GlobalSection(ExtensibilityGlobals) = postSolution
		SolutionGuid = {1ED77467-D09D-41F1-A924-5CC3F74CCFF8}
	EndGlobalSection
EndGlobal
